
Microsoft Visual Studio Solution File, Format Version 12.00
Project("{FAE04EC0-301F-11D3-BF4B-00C04F79EFBC}") = "Zhenkai_Project", "Zhenkai_Project\Zhenkai_Project.csproj", "{D6E4E9EC-80E8-44B0-B490-42099722FDC3}"
EndProject
Global
	GlobalSection(SolutionConfigurationPlatforms) = preSolution
		Debug|Any CPU = Debug|Any CPU
		Release|Any CPU = Release|Any CPU
	EndGlobalSection
	GlobalSection(ProjectConfigurationPlatforms) = postSolution
		{D6E4E9EC-80E8-44B0-B490-42099722FDC3}.Debug|Any CPU.ActiveCfg = Debug|Any CPU
		{D6E4E9EC-80E8-44B0-B490-42099722FDC3}.Debug|Any CPU.Build.0 = Debug|Any CPU
		{D6E4E9EC-80E8-44B0-B490-42099722FDC3}.Release|Any CPU.ActiveCfg = Release|Any CPU
		{D6E4E9EC-80E8-44B0-B490-42099722FDC3}.Release|Any CPU.Build.0 = Release|Any CPU
	EndGlobalSection
EndGlobal
